
Microsoft Visual Studio Solution File, Format Version 12.00
# Visual Studio Version 17
VisualStudioVersion = 17.1.32228.430
MinimumVisualStudioVersion = 10.0.40219.1
Project("{FAE04EC0-301F-11D3-BF4B-00C04F79EFBC}") = "MetodosSobrecargados", "MetodosSobrecargados\MetodosSobrecargados.csproj", "{BFD2F94A-897A-41B8-9F41-46FCC886B6E5}"
EndProject
Project("{FAE04EC0-301F-11D3-BF4B-00C04F79EFBC}") = "MetodosGenericos", "MetodosGenericos\MetodosGenericos.csproj", "{211B783E-AE3E-458A-BA01-167A9108132C}"
EndProject
Project("{FAE04EC0-301F-11D3-BF4B-00C04F79EFBC}") = "PruebaGenericos", "PruebaGenericos\PruebaGenericos.csproj", "{82491487-0BD3-44FE-816D-1528995744E5}"
EndProject
Project("{FAE04EC0-301F-11D3-BF4B-00C04F79EFBC}") = "PruebaGenericoRestricciones", "PruebaGenericoRestricciones\PruebaGenericoRestricciones.csproj", "{0285AFD2-BEB5-4628-A38B-291C914C6CD3}"
EndProject
Global
	GlobalSection(SolutionConfigurationPlatforms) = preSolution
		Debug|Any CPU = Debug|Any CPU
		Release|Any CPU = Release|Any CPU
	EndGlobalSection
	GlobalSection(ProjectConfigurationPlatforms) = postSolution
		{BFD2F94A-897A-41B8-9F41-46FCC886B6E5}.Debug|Any CPU.ActiveCfg = Debug|Any CPU
		{BFD2F94A-897A-41B8-9F41-46FCC886B6E5}.Debug|Any CPU.Build.0 = Debug|Any CPU
		{BFD2F94A-897A-41B8-9F41-46FCC886B6E5}.Release|Any CPU.ActiveCfg = Release|Any CPU
		{BFD2F94A-897A-41B8-9F41-46FCC886B6E5}.Release|Any CPU.Build.0 = Release|Any CPU
		{211B783E-AE3E-458A-BA01-167A9108132C}.Debug|Any CPU.ActiveCfg = Debug|Any CPU
		{211B783E-AE3E-458A-BA01-167A9108132C}.Debug|Any CPU.Build.0 = Debug|Any CPU
		{211B783E-AE3E-458A-BA01-167A9108132C}.Release|Any CPU.ActiveCfg = Release|Any CPU
		{211B783E-AE3E-458A-BA01-167A9108132C}.Release|Any CPU.Build.0 = Release|Any CPU
		{82491487-0BD3-44FE-816D-1528995744E5}.Debug|Any CPU.ActiveCfg = Debug|Any CPU
		{82491487-0BD3-44FE-816D-1528995744E5}.Debug|Any CPU.Build.0 = Debug|Any CPU
		{82491487-0BD3-44FE-816D-1528995744E5}.Release|Any CPU.ActiveCfg = Release|Any CPU
		{82491487-0BD3-44FE-816D-1528995744E5}.Release|Any CPU.Build.0 = Release|Any CPU
		{0285AFD2-BEB5-4628-A38B-291C914C6CD3}.Debug|Any CPU.ActiveCfg = Debug|Any CPU
		{0285AFD2-BEB5-4628-A38B-291C914C6CD3}.Debug|Any CPU.Build.0 = Debug|Any CPU
		{0285AFD2-BEB5-4628-A38B-291C914C6CD3}.Release|Any CPU.ActiveCfg = Release|Any CPU
		{0285AFD2-BEB5-4628-A38B-291C914C6CD3}.Release|Any CPU.Build.0 = Release|Any CPU
	EndGlobalSection
	GlobalSection(SolutionProperties) = preSolution
		HideSolutionNode = FALSE
	EndGlobalSection
	GlobalSection(ExtensibilityGlobals) = postSolution
		SolutionGuid = {356803F1-E1F1-473B-8E62-BB0F97B103ED}
	EndGlobalSection
EndGlobal
